
Microsoft Visual Studio Solution File, Format Version 12.00
# Visual Studio 2013
VisualStudioVersion = 12.0.21005.1
MinimumVisualStudioVersion = 10.0.40219.1
Project("{8BC9CEB8-8B4A-11D0-8D11-00A0C91BC942}") = "inject_process", "inject_process\inject_process.vcxproj", "{C9120610-9E31-4BD1-9496-0C906AE2255C}"
EndProject
Project("{8BC9CEB8-8B4A-11D0-8D11-00A0C91BC942}") = "hook_dll", "hook_dll\hook_dll.vcxproj", "{FB723DF1-174D-4920-948A-8AD5AF8E75C2}"
EndProject
Global
	GlobalSection(SolutionConfigurationPlatforms) = preSolution
		Debug|Win32 = Debug|Win32
		Release|Win32 = Release|Win32
	EndGlobalSection
	GlobalSection(ProjectConfigurationPlatforms) = postSolution
		{C9120610-9E31-4BD1-9496-0C906AE2255C}.Debug|Win32.ActiveCfg = Debug|Win32
		{C9120610-9E31-4BD1-9496-0C906AE2255C}.Debug|Win32.Build.0 = Debug|Win32
		{C9120610-9E31-4BD1-9496-0C906AE2255C}.Release|Win32.ActiveCfg = Release|Win32
		{C9120610-9E31-4BD1-9496-0C906AE2255C}.Release|Win32.Build.0 = Release|Win32
		{FB723DF1-174D-4920-948A-8AD5AF8E75C2}.Debug|Win32.ActiveCfg = Debug|Win32
		{FB723DF1-174D-4920-948A-8AD5AF8E75C2}.Debug|Win32.Build.0 = Debug|Win32
		{FB723DF1-174D-4920-948A-8AD5AF8E75C2}.Release|Win32.ActiveCfg = Release|Win32
		{FB723DF1-174D-4920-948A-8AD5AF8E75C2}.Release|Win32.Build.0 = Release|Win32
	EndGlobalSection
	GlobalSection(SolutionProperties) = preSolution
		HideSolutionNode = FALSE
	EndGlobalSection
EndGlobal
